// !$*UTF8*$!
{
	archiveVersion = 1;
	classes = {
	};
	objectVersion = 46;
	objects = {

/* Begin PBXAggregateTarget section */
		E7FDE5F21C6E1618000DCEB0 /* Daemons-Aggregater */ = {
			isa = PBXAggregateTarget;
			buildConfigurationList = E7FDE5F31C6E1618000DCEB0 /* Build configuration list for PBXAggregateTarget "Daemons-Aggregater" */;
			buildPhases = (
				E7FDE5FA1C6E1628000DCEB0 /* ShellScript */,
			);
			dependencies = (
				E7FDE5FC1C6E1A27000DCEB0 /* PBXTargetDependency */,
				E7FDE5FE1C6E1A27000DCEB0 /* PBXTargetDependency */,
			);
			name = "Daemons-Aggregater";
			productName = "Daemons-Aggregater";
		};
/* End PBXAggregateTarget section */

/* Begin PBXBuildFile section */
		E7FDE5AE1C6DE0FD000DCEB0 /* AppDelegate.m in Sources */ = {isa = PBXBuildFile; fileRef = E7FDE5AD1C6DE0FD000DCEB0 /* AppDelegate.m */; };
		E7FDE5B11C6DE0FD000DCEB0 /* main.m in Sources */ = {isa = PBXBuildFile; fileRef = E7FDE5B01C6DE0FD000DCEB0 /* main.m */; };
		E7FDE5B31C6DE0FD000DCEB0 /* Assets.xcassets in Resources */ = {isa = PBXBuildFile; fileRef = E7FDE5B21C6DE0FD000DCEB0 /* Assets.xcassets */; };
		E7FDE5B61C6DE0FD000DCEB0 /* MainMenu.xib in Resources */ = {isa = PBXBuildFile; fileRef = E7FDE5B41C6DE0FD000DCEB0 /* MainMenu.xib */; };
		E7FDE5C31C6DE119000DCEB0 /* AppDelegate.m in Sources */ = {isa = PBXBuildFile; fileRef = E7FDE5C21C6DE119000DCEB0 /* AppDelegate.m */; };
		E7FDE5C61C6DE119000DCEB0 /* main.m in Sources */ = {isa = PBXBuildFile; fileRef = E7FDE5C51C6DE119000DCEB0 /* main.m */; };
		E7FDE5C81C6DE119000DCEB0 /* Assets.xcassets in Resources */ = {isa = PBXBuildFile; fileRef = E7FDE5C71C6DE119000DCEB0 /* Assets.xcassets */; };
		E7FDE5CB1C6DE119000DCEB0 /* MainMenu.xib in Resources */ = {isa = PBXBuildFile; fileRef = E7FDE5C91C6DE119000DCEB0 /* MainMenu.xib */; };
		E7FDE5D21C6DE3A0000DCEB0 /* StatusBar.m in Sources */ = {isa = PBXBuildFile; fileRef = E7FDE5D11C6DE3A0000DCEB0 /* StatusBar.m */; };
		E7FDE5DC1C6DE6F8000DCEB0 /* LogManager.m in Sources */ = {isa = PBXBuildFile; fileRef = E7FDE5DB1C6DE6F8000DCEB0 /* LogManager.m */; };
		E7FDE5DD1C6DE6FE000DCEB0 /* LogManager.m in Sources */ = {isa = PBXBuildFile; fileRef = E7FDE5DB1C6DE6F8000DCEB0 /* LogManager.m */; };
		E7FDE5E31C6DEC0D000DCEB0 /* AppIcon.icns in Resources */ = {isa = PBXBuildFile; fileRef = E7FDE5E21C6DEC0D000DCEB0 /* AppIcon.icns */; };
		E7FDE5E61C6DEE1D000DCEB0 /* Panel.m in Sources */ = {isa = PBXBuildFile; fileRef = E7FDE5E51C6DEE1D000DCEB0 /* Panel.m */; };
		E7FDE5EA1C6E0A42000DCEB0 /* Daemon.m in Sources */ = {isa = PBXBuildFile; fileRef = E7FDE5E91C6E0A42000DCEB0 /* Daemon.m */; };
		E7FDE5F11C6E0E9C000DCEB0 /* uninstall.sh in Resources */ = {isa = PBXBuildFile; fileRef = E7FDE5F01C6E0E9C000DCEB0 /* uninstall.sh */; };
		E7FDE6041C6E596E000DCEB0 /* launch-daemon-18x18.png in Resources */ = {isa = PBXBuildFile; fileRef = E7FDE6011C6E596E000DCEB0 /* launch-daemon-18x18.png */; };
		E7FDE6051C6E596E000DCEB0 /* launch-daemon-18x18@2x.png in Resources */ = {isa = PBXBuildFile; fileRef = E7FDE6021C6E596E000DCEB0 /* launch-daemon-18x18@2x.png */; };
/* End PBXBuildFile section */

/* Begin PBXContainerItemProxy section */
		E7FDE5FB1C6E1A27000DCEB0 /* PBXContainerItemProxy */ = {
			isa = PBXContainerItemProxy;
			containerPortal = E7FDE58A1C6DE081000DCEB0 /* Project object */;
			proxyType = 1;
			remoteGlobalIDString = E7FDE5A91C6DE0FD000DCEB0;
			remoteInfo = "LaunchAgent-Daemon";
		};
		E7FDE5FD1C6E1A27000DCEB0 /* PBXContainerItemProxy */ = {
			isa = PBXContainerItemProxy;
			containerPortal = E7FDE58A1C6DE081000DCEB0 /* Project object */;
			proxyType = 1;
			remoteGlobalIDString = E7FDE5BE1C6DE119000DCEB0;
			remoteInfo = "LaunchDaemon-Daemon";
		};
/* End PBXContainerItemProxy section */

/* Begin PBXFileReference section */
		E7FDE5AA1C6DE0FD000DCEB0 /* LaunchAgent-Daemon.app */ = {isa = PBXFileReference; explicitFileType = wrapper.application; includeInIndex = 0; path = "LaunchAgent-Daemon.app"; sourceTree = BUILT_PRODUCTS_DIR; };
		E7FDE5AC1C6DE0FD000DCEB0 /* AppDelegate.h */ = {isa = PBXFileReference; lastKnownFileType = sourcecode.c.h; path = AppDelegate.h; sourceTree = "<group>"; };
		E7FDE5AD1C6DE0FD000DCEB0 /* AppDelegate.m */ = {isa = PBXFileReference; lastKnownFileType = sourcecode.c.objc; path = AppDelegate.m; sourceTree = "<group>"; };
		E7FDE5B01C6DE0FD000DCEB0 /* main.m */ = {isa = PBXFileReference; lastKnownFileType = sourcecode.c.objc; path = main.m; sourceTree = "<group>"; };
		E7FDE5B21C6DE0FD000DCEB0 /* Assets.xcassets */ = {isa = PBXFileReference; lastKnownFileType = folder.assetcatalog; path = Assets.xcassets; sourceTree = "<group>"; };
		E7FDE5B51C6DE0FD000DCEB0 /* Base */ = {isa = PBXFileReference; lastKnownFileType = file.xib; name = Base; path = Base.lproj/MainMenu.xib; sourceTree = "<group>"; };
		E7FDE5B71C6DE0FD000DCEB0 /* Info.plist */ = {isa = PBXFileReference; lastKnownFileType = text.plist.xml; path = Info.plist; sourceTree = "<group>"; };
		E7FDE5BF1C6DE119000DCEB0 /* LaunchDaemon-Daemon.app */ = {isa = PBXFileReference; explicitFileType = wrapper.application; includeInIndex = 0; path = "LaunchDaemon-Daemon.app"; sourceTree = BUILT_PRODUCTS_DIR; };
		E7FDE5C11C6DE119000DCEB0 /* AppDelegate.h */ = {isa = PBXFileReference; lastKnownFileType = sourcecode.c.h; path = AppDelegate.h; sourceTree = "<group>"; };
		E7FDE5C21C6DE119000DCEB0 /* AppDelegate.m */ = {isa = PBXFileReference; lastKnownFileType = sourcecode.c.objc; path = AppDelegate.m; sourceTree = "<group>"; };
		E7FDE5C51C6DE119000DCEB0 /* main.m */ = {isa = PBXFileReference; lastKnownFileType = sourcecode.c.objc; path = main.m; sourceTree = "<group>"; };
		E7FDE5C71C6DE119000DCEB0 /* Assets.xcassets */ = {isa = PBXFileReference; lastKnownFileType = folder.assetcatalog; path = Assets.xcassets; sourceTree = "<group>"; };
		E7FDE5CA1C6DE119000DCEB0 /* Base */ = {isa = PBXFileReference; lastKnownFileType = file.xib; name = Base; path = Base.lproj/MainMenu.xib; sourceTree = "<group>"; };
		E7FDE5CC1C6DE119000DCEB0 /* Info.plist */ = {isa = PBXFileReference; lastKnownFileType = text.plist.xml; path = Info.plist; sourceTree = "<group>"; };
		E7FDE5D01C6DE3A0000DCEB0 /* StatusBar.h */ = {isa = PBXFileReference; fileEncoding = 4; lastKnownFileType = sourcecode.c.h; name = StatusBar.h; path = StatusBar/StatusBar.h; sourceTree = "<group>"; };
		E7FDE5D11C6DE3A0000DCEB0 /* StatusBar.m */ = {isa = PBXFileReference; fileEncoding = 4; lastKnownFileType = sourcecode.c.objc; name = StatusBar.m; path = StatusBar/StatusBar.m; sourceTree = "<group>"; };
		E7FDE5DA1C6DE6F8000DCEB0 /* LogManager.h */ = {isa = PBXFileReference; fileEncoding = 4; lastKnownFileType = sourcecode.c.h; path = LogManager.h; sourceTree = "<group>"; };
		E7FDE5DB1C6DE6F8000DCEB0 /* LogManager.m */ = {isa = PBXFileReference; fileEncoding = 4; lastKnownFileType = sourcecode.c.objc; path = LogManager.m; sourceTree = "<group>"; };
		E7FDE5E21C6DEC0D000DCEB0 /* AppIcon.icns */ = {isa = PBXFileReference; lastKnownFileType = image.icns; path = AppIcon.icns; sourceTree = "<group>"; };
		E7FDE5E41C6DEE1D000DCEB0 /* Panel.h */ = {isa = PBXFileReference; fileEncoding = 4; lastKnownFileType = sourcecode.c.h; name = Panel.h; path = Panel/Panel.h; sourceTree = "<group>"; };
		E7FDE5E51C6DEE1D000DCEB0 /* Panel.m */ = {isa = PBXFileReference; fileEncoding = 4; lastKnownFileType = sourcecode.c.objc; name = Panel.m; path = Panel/Panel.m; sourceTree = "<group>"; };
		E7FDE5E81C6E0A42000DCEB0 /* Daemon.h */ = {isa = PBXFileReference; fileEncoding = 4; lastKnownFileType = sourcecode.c.h; name = Daemon.h; path = Daemon/Daemon.h; sourceTree = "<group>"; };
		E7FDE5E91C6E0A42000DCEB0 /* Daemon.m */ = {isa = PBXFileReference; fileEncoding = 4; lastKnownFileType = sourcecode.c.objc; name = Daemon.m; path = Daemon/Daemon.m; sourceTree = "<group>"; };
		E7FDE5EB1C6E0D62000DCEB0 /* de.miralem-cebic.launchagent.plist */ = {isa = PBXFileReference; fileEncoding = 4; lastKnownFileType = text.plist.xml; name = "de.miralem-cebic.launchagent.plist"; path = "Install/de.miralem-cebic.launchagent.plist"; sourceTree = "<group>"; };
		E7FDE5EE1C6E0D88000DCEB0 /* de.miralem-cebic.launchdaemon.plist */ = {isa = PBXFileReference; lastKnownFileType = text.plist.xml; name = "de.miralem-cebic.launchdaemon.plist"; path = "Install/de.miralem-cebic.launchdaemon.plist"; sourceTree = "<group>"; };
		E7FDE5EF1C6E0E8F000DCEB0 /* install.sh */ = {isa = PBXFileReference; lastKnownFileType = text.script.sh; name = install.sh; path = Install/install.sh; sourceTree = "<group>"; };
		E7FDE5F01C6E0E9C000DCEB0 /* uninstall.sh */ = {isa = PBXFileReference; fileEncoding = 4; lastKnownFileType = text.script.sh; name = uninstall.sh; path = Install/uninstall.sh; sourceTree = "<group>"; };
		E7FDE6011C6E596E000DCEB0 /* launch-daemon-18x18.png */ = {isa = PBXFileReference; lastKnownFileType = image.png; path = "launch-daemon-18x18.png"; sourceTree = "<group>"; };
		E7FDE6021C6E596E000DCEB0 /* launch-daemon-18x18@2x.png */ = {isa = PBXFileReference; lastKnownFileType = image.png; path = "launch-daemon-18x18@2x.png"; sourceTree = "<group>"; };
/* End PBXFileReference section */

/* Begin PBXFrameworksBuildPhase section */
		E7FDE5A71C6DE0FD000DCEB0 /* Frameworks */ = {
			isa = PBXFrameworksBuildPhase;
			buildActionMask = 2147483647;
			files = (
			);
			runOnlyForDeploymentPostprocessing = 0;
		};
		E7FDE5BC1C6DE119000DCEB0 /* Frameworks */ = {
			isa = PBXFrameworksBuildPhase;
			buildActionMask = 2147483647;
			files = (
			);
			runOnlyForDeploymentPostprocessing = 0;
		};
/* End PBXFrameworksBuildPhase section */

/* Begin PBXGroup section */
		E7FDE5891C6DE080000DCEB0 = {
			isa = PBXGroup;
			children = (
				E7FDE5ED1C6E0D70000DCEB0 /* Install */,
				E7FDE5DE1C6DE9C7000DCEB0 /* Frameworks */,
				E7FDE5AB1C6DE0FD000DCEB0 /* LaunchAgent-Daemon */,
				E7FDE5C01C6DE119000DCEB0 /* LaunchDaemon-Daemon */,
				E7FDE5931C6DE081000DCEB0 /* Products */,
			);
			sourceTree = "<group>";
		};
		E7FDE5931C6DE081000DCEB0 /* Products */ = {
			isa = PBXGroup;
			children = (
				E7FDE5AA1C6DE0FD000DCEB0 /* LaunchAgent-Daemon.app */,
				E7FDE5BF1C6DE119000DCEB0 /* LaunchDaemon-Daemon.app */,
			);
			name = Products;
			sourceTree = "<group>";
		};
		E7FDE5AB1C6DE0FD000DCEB0 /* LaunchAgent-Daemon */ = {
			isa = PBXGroup;
			children = (
				E7FDE5FF1C6E596E000DCEB0 /* Images */,
				E7FDE5AC1C6DE0FD000DCEB0 /* AppDelegate.h */,
				E7FDE5AD1C6DE0FD000DCEB0 /* AppDelegate.m */,
				E7FDE5E71C6DEE22000DCEB0 /* Panel */,
				E7FDE5D31C6DE3A3000DCEB0 /* Status Bar */,
				E7FDE5B21C6DE0FD000DCEB0 /* Assets.xcassets */,
				E7FDE5B41C6DE0FD000DCEB0 /* MainMenu.xib */,
				E7FDE5B71C6DE0FD000DCEB0 /* Info.plist */,
				E7FDE5AF1C6DE0FD000DCEB0 /* Supporting Files */,
			);
			path = "LaunchAgent-Daemon";
			sourceTree = "<group>";
		};
		E7FDE5AF1C6DE0FD000DCEB0 /* Supporting Files */ = {
			isa = PBXGroup;
			children = (
				E7FDE5B01C6DE0FD000DCEB0 /* main.m */,
			);
			name = "Supporting Files";
			sourceTree = "<group>";
		};
		E7FDE5C01C6DE119000DCEB0 /* LaunchDaemon-Daemon */ = {
			isa = PBXGroup;
			children = (
				E7FDE5C11C6DE119000DCEB0 /* AppDelegate.h */,
				E7FDE5C21C6DE119000DCEB0 /* AppDelegate.m */,
				E7FDE5E81C6E0A42000DCEB0 /* Daemon.h */,
				E7FDE5E91C6E0A42000DCEB0 /* Daemon.m */,
				E7FDE5E11C6DEC0D000DCEB0 /* images */,
				E7FDE5C71C6DE119000DCEB0 /* Assets.xcassets */,
				E7FDE5C91C6DE119000DCEB0 /* MainMenu.xib */,
				E7FDE5CC1C6DE119000DCEB0 /* Info.plist */,
				E7FDE5C41C6DE119000DCEB0 /* Supporting Files */,
			);
			path = "LaunchDaemon-Daemon";
			sourceTree = "<group>";
		};
		E7FDE5C41C6DE119000DCEB0 /* Supporting Files */ = {
			isa = PBXGroup;
			children = (
				E7FDE5C51C6DE119000DCEB0 /* main.m */,
			);
			name = "Supporting Files";
			sourceTree = "<group>";
		};
		E7FDE5D31C6DE3A3000DCEB0 /* Status Bar */ = {
			isa = PBXGroup;
			children = (
				E7FDE5D01C6DE3A0000DCEB0 /* StatusBar.h */,
				E7FDE5D11C6DE3A0000DCEB0 /* StatusBar.m */,
			);
			name = "Status Bar";
			sourceTree = "<group>";
		};
		E7FDE5D91C6DE6F8000DCEB0 /* LogManager */ = {
			isa = PBXGroup;
			children = (
				E7FDE5DA1C6DE6F8000DCEB0 /* LogManager.h */,
				E7FDE5DB1C6DE6F8000DCEB0 /* LogManager.m */,
			);
			path = LogManager;
			sourceTree = "<group>";
		};
		E7FDE5DE1C6DE9C7000DCEB0 /* Frameworks */ = {
			isa = PBXGroup;
			children = (
				E7FDE5D91C6DE6F8000DCEB0 /* LogManager */,
			);
			name = Frameworks;
			sourceTree = "<group>";
		};
		E7FDE5E11C6DEC0D000DCEB0 /* images */ = {
			isa = PBXGroup;
			children = (
				E7FDE5E21C6DEC0D000DCEB0 /* AppIcon.icns */,
			);
			path = images;
			sourceTree = "<group>";
		};
		E7FDE5E71C6DEE22000DCEB0 /* Panel */ = {
			isa = PBXGroup;
			children = (
				E7FDE5E41C6DEE1D000DCEB0 /* Panel.h */,
				E7FDE5E51C6DEE1D000DCEB0 /* Panel.m */,
			);
			name = Panel;
			sourceTree = "<group>";
		};
		E7FDE5ED1C6E0D70000DCEB0 /* Install */ = {
			isa = PBXGroup;
			children = (
				E7FDE5EB1C6E0D62000DCEB0 /* de.miralem-cebic.launchagent.plist */,
				E7FDE5EE1C6E0D88000DCEB0 /* de.miralem-cebic.launchdaemon.plist */,
				E7FDE5EF1C6E0E8F000DCEB0 /* install.sh */,
				E7FDE5F01C6E0E9C000DCEB0 /* uninstall.sh */,
			);
			name = Install;
			sourceTree = "<group>";
		};
		E7FDE5FF1C6E596E000DCEB0 /* Images */ = {
			isa = PBXGroup;
			children = (
				E7FDE6011C6E596E000DCEB0 /* launch-daemon-18x18.png */,
				E7FDE6021C6E596E000DCEB0 /* launch-daemon-18x18@2x.png */,
			);
			path = Images;
			sourceTree = "<group>";
		};
/* End PBXGroup section */

/* Begin PBXNativeTarget section */
		E7FDE5A91C6DE0FD000DCEB0 /* LaunchAgent-Daemon */ = {
			isa = PBXNativeTarget;
			buildConfigurationList = E7FDE5B81C6DE0FD000DCEB0 /* Build configuration list for PBXNativeTarget "LaunchAgent-Daemon" */;
			buildPhases = (
				E7FDE5A61C6DE0FD000DCEB0 /* Sources */,
				E7FDE5A71C6DE0FD000DCEB0 /* Frameworks */,
				E7FDE5A81C6DE0FD000DCEB0 /* Resources */,
			);
			buildRules = (
			);
			dependencies = (
			);
			name = "LaunchAgent-Daemon";
			productName = "LaunchAgent-Daemon";
			productReference = E7FDE5AA1C6DE0FD000DCEB0 /* LaunchAgent-Daemon.app */;
			productType = "com.apple.product-type.application";
		};
		E7FDE5BE1C6DE119000DCEB0 /* LaunchDaemon-Daemon */ = {
			isa = PBXNativeTarget;
			buildConfigurationList = E7FDE5CD1C6DE119000DCEB0 /* Build configuration list for PBXNativeTarget "LaunchDaemon-Daemon" */;
			buildPhases = (
				E7FDE5BB1C6DE119000DCEB0 /* Sources */,
				E7FDE5BC1C6DE119000DCEB0 /* Frameworks */,
				E7FDE5BD1C6DE119000DCEB0 /* Resources */,
			);
			buildRules = (
			);
			dependencies = (
			);
			name = "LaunchDaemon-Daemon";
			productName = "LaunchDaemon-Daemon";
			productReference = E7FDE5BF1C6DE119000DCEB0 /* LaunchDaemon-Daemon.app */;
			productType = "com.apple.product-type.application";
		};
/* End PBXNativeTarget section */

/* Begin PBXProject section */
		E7FDE58A1C6DE081000DCEB0 /* Project object */ = {
			isa = PBXProject;
			attributes = {
				LastUpgradeCheck = 0720;
				ORGANIZATIONNAME = "Miralem Cebic";
				TargetAttributes = {
					E7FDE5A91C6DE0FD000DCEB0 = {
						CreatedOnToolsVersion = 7.2.1;
					};
					E7FDE5BE1C6DE119000DCEB0 = {
						CreatedOnToolsVersion = 7.2.1;
					};
					E7FDE5F21C6E1618000DCEB0 = {
						CreatedOnToolsVersion = 7.2.1;
					};
				};
			};
			buildConfigurationList = E7FDE58D1C6DE081000DCEB0 /* Build configuration list for PBXProject "DistributedNotifications" */;
			compatibilityVersion = "Xcode 3.2";
			developmentRegion = English;
			hasScannedForEncodings = 0;
			knownRegions = (
				en,
				Base,
			);
			mainGroup = E7FDE5891C6DE080000DCEB0;
			productRefGroup = E7FDE5931C6DE081000DCEB0 /* Products */;
			projectDirPath = "";
			projectRoot = "";
			targets = (
				E7FDE5A91C6DE0FD000DCEB0 /* LaunchAgent-Daemon */,
				E7FDE5BE1C6DE119000DCEB0 /* LaunchDaemon-Daemon */,
				E7FDE5F21C6E1618000DCEB0 /* Daemons-Aggregater */,
			);
		};
/* End PBXProject section */

/* Begin PBXResourcesBuildPhase section */
		E7FDE5A81C6DE0FD000DCEB0 /* Resources */ = {
			isa = PBXResourcesBuildPhase;
			buildActionMask = 2147483647;
			files = (
				E7FDE5B31C6DE0FD000DCEB0 /* Assets.xcassets in Resources */,
				E7FDE6041C6E596E000DCEB0 /* launch-daemon-18x18.png in Resources */,
				E7FDE5B61C6DE0FD000DCEB0 /* MainMenu.xib in Resources */,
				E7FDE6051C6E596E000DCEB0 /* launch-daemon-18x18@2x.png in Resources */,
			);
			runOnlyForDeploymentPostprocessing = 0;
		};
		E7FDE5BD1C6DE119000DCEB0 /* Resources */ = {
			isa = PBXResourcesBuildPhase;
			buildActionMask = 2147483647;
			files = (
				E7FDE5C81C6DE119000DCEB0 /* Assets.xcassets in Resources */,
				E7FDE5E31C6DEC0D000DCEB0 /* AppIcon.icns in Resources */,
				E7FDE5CB1C6DE119000DCEB0 /* MainMenu.xib in Resources */,
				E7FDE5F11C6E0E9C000DCEB0 /* uninstall.sh in Resources */,
			);
			runOnlyForDeploymentPostprocessing = 0;
		};
/* End PBXResourcesBuildPhase section */

/* Begin PBXShellScriptBuildPhase section */
		E7FDE5FA1C6E1628000DCEB0 /* ShellScript */ = {
			isa = PBXShellScriptBuildPhase;
			buildActionMask = 2147483647;
			files = (
			);
			inputPaths = (
			);
			outputPaths = (
			);
			runOnlyForDeploymentPostprocessing = 0;
			shellPath = /bin/sh;
			shellScript = "#set\n\nDESTINATIONDIR=\"$HOME/Desktop/Daemon-Builds/\"\n\nif ! [ -d \"$DESTINATIONDIR\"]\nthen\nrm -Rf $DESTINATIONDIR\nfi\n\nmkdir $DESTINATIONDIR\n\necho -e \"\\n\\n---|||---|||---|||---|||---|||---|||---|||---|||---|||---|||---|||---|||---|||---|||---|||\\n\\n\"\n\ncd $PWD\ncd Install\n#ls -al\ncp \"de.miralem-cebic.launchagent.plist\" \"$DESTINATIONDIR/de.miralem-cebic.launchagent.plist\"\ncp \"de.miralem-cebic.launchdaemon.plist\" \"$DESTINATIONDIR/de.miralem-cebic.launchdaemon.plist\"\ncp \"install.sh\" \"$DESTINATIONDIR/install.sh\"\ncp \"uninstall.sh\" \"$DESTINATIONDIR/uninstall.sh\"\n\necho -e \"\\n\\n---|||---|||---|||---|||---|||---|||---|||---|||---|||---|||---|||---|||---|||---|||---|||\\n\\n\"\n\ncd $TARGET_BUILD_DIR\n#ls -al\ncp -R \"LaunchAgent-Daemon.app\" \"$DESTINATIONDIR/LaunchAgent-Daemon.app\"\ncp -R \"LaunchDaemon-Daemon.app\" \"$DESTINATIONDIR/LaunchDaemon-Daemon.app\"";
		};
/* End PBXShellScriptBuildPhase section */

/* Begin PBXSourcesBuildPhase section */
		E7FDE5A61C6DE0FD000DCEB0 /* Sources */ = {
			isa = PBXSourcesBuildPhase;
			buildActionMask = 2147483647;
			files = (
				E7FDE5E61C6DEE1D000DCEB0 /* Panel.m in Sources */,
				E7FDE5DC1C6DE6F8000DCEB0 /* LogManager.m in Sources */,
				E7FDE5B11C6DE0FD000DCEB0 /* main.m in Sources */,
				E7FDE5D21C6DE3A0000DCEB0 /* StatusBar.m in Sources */,
				E7FDE5AE1C6DE0FD000DCEB0 /* AppDelegate.m in Sources */,
			);
			runOnlyForDeploymentPostprocessing = 0;
		};
		E7FDE5BB1C6DE119000DCEB0 /* Sources */ = {
			isa = PBXSourcesBuildPhase;
			buildActionMask = 2147483647;
			files = (
				E7FDE5DD1C6DE6FE000DCEB0 /* LogManager.m in Sources */,
				E7FDE5C61C6DE119000DCEB0 /* main.m in Sources */,
				E7FDE5C31C6DE119000DCEB0 /* AppDelegate.m in Sources */,
				E7FDE5EA1C6E0A42000DCEB0 /* Daemon.m in Sources */,
			);
			runOnlyForDeploymentPostprocessing = 0;
		};
/* End PBXSourcesBuildPhase section */

/* Begin PBXTargetDependency section */
		E7FDE5FC1C6E1A27000DCEB0 /* PBXTargetDependency */ = {
			isa = PBXTargetDependency;
			target = E7FDE5A91C6DE0FD000DCEB0 /* LaunchAgent-Daemon */;
			targetProxy = E7FDE5FB1C6E1A27000DCEB0 /* PBXContainerItemProxy */;
		};
		E7FDE5FE1C6E1A27000DCEB0 /* PBXTargetDependency */ = {
			isa = PBXTargetDependency;
			target = E7FDE5BE1C6DE119000DCEB0 /* LaunchDaemon-Daemon */;
			targetProxy = E7FDE5FD1C6E1A27000DCEB0 /* PBXContainerItemProxy */;
		};
/* End PBXTargetDependency section */

/* Begin PBXVariantGroup section */
		E7FDE5B41C6DE0FD000DCEB0 /* MainMenu.xib */ = {
			isa = PBXVariantGroup;
			children = (
				E7FDE5B51C6DE0FD000DCEB0 /* Base */,
			);
			name = MainMenu.xib;
			sourceTree = "<group>";
		};
		E7FDE5C91C6DE119000DCEB0 /* MainMenu.xib */ = {
			isa = PBXVariantGroup;
			children = (
				E7FDE5CA1C6DE119000DCEB0 /* Base */,
			);
			name = MainMenu.xib;
			sourceTree = "<group>";
		};
/* End PBXVariantGroup section */

/* Begin XCBuildConfiguration section */
		E7FDE5A11C6DE081000DCEB0 /* Debug */ = {
			isa = XCBuildConfiguration;
			buildSettings = {
				ALWAYS_SEARCH_USER_PATHS = NO;
				CLANG_CXX_LANGUAGE_STANDARD = "gnu++0x";
				CLANG_CXX_LIBRARY = "libc++";
				CLANG_ENABLE_MODULES = YES;
				CLANG_ENABLE_OBJC_ARC = YES;
				CLANG_WARN_BOOL_CONVERSION = YES;
				CLANG_WARN_CONSTANT_CONVERSION = YES;
				CLANG_WARN_DIRECT_OBJC_ISA_USAGE = YES_ERROR;
				CLANG_WARN_EMPTY_BODY = YES;
				CLANG_WARN_ENUM_CONVERSION = YES;
				CLANG_WARN_INT_CONVERSION = YES;
				CLANG_WARN_OBJC_ROOT_CLASS = YES_ERROR;
				CLANG_WARN_UNREACHABLE_CODE = YES;
				CLANG_WARN__DUPLICATE_METHOD_MATCH = YES;
				CODE_SIGN_IDENTITY = "-";
				COPY_PHASE_STRIP = NO;
				DEBUG_INFORMATION_FORMAT = dwarf;
				ENABLE_STRICT_OBJC_MSGSEND = YES;
				ENABLE_TESTABILITY = YES;
				GCC_C_LANGUAGE_STANDARD = gnu99;
				GCC_DYNAMIC_NO_PIC = NO;
				GCC_NO_COMMON_BLOCKS = YES;
				GCC_OPTIMIZATION_LEVEL = 0;
				GCC_PREPROCESSOR_DEFINITIONS = (
					"DEBUG=1",
					"$(inherited)",
				);
				GCC_WARN_64_TO_32_BIT_CONVERSION = YES;
				GCC_WARN_ABOUT_RETURN_TYPE = YES_ERROR;
				GCC_WARN_UNDECLARED_SELECTOR = YES;
				GCC_WARN_UNINITIALIZED_AUTOS = YES_AGGRESSIVE;
				GCC_WARN_UNUSED_FUNCTION = YES;
				GCC_WARN_UNUSED_VARIABLE = YES;
				MACOSX_DEPLOYMENT_TARGET = 10.11;
				MTL_ENABLE_DEBUG_INFO = YES;
				ONLY_ACTIVE_ARCH = YES;
				SDKROOT = macosx;
			};
			name = Debug;
		};
		E7FDE5A21C6DE081000DCEB0 /* Release */ = {
			isa = XCBuildConfiguration;
			buildSettings = {
				ALWAYS_SEARCH_USER_PATHS = NO;
				CLANG_CXX_LANGUAGE_STANDARD = "gnu++0x";
				CLANG_CXX_LIBRARY = "libc++";
				CLANG_ENABLE_MODULES = YES;
				CLANG_ENABLE_OBJC_ARC = YES;
				CLANG_WARN_BOOL_CONVERSION = YES;
				CLANG_WARN_CONSTANT_CONVERSION = YES;
				CLANG_WARN_DIRECT_OBJC_ISA_USAGE = YES_ERROR;
				CLANG_WARN_EMPTY_BODY = YES;
				CLANG_WARN_ENUM_CONVERSION = YES;
				CLANG_WARN_INT_CONVERSION = YES;
				CLANG_WARN_OBJC_ROOT_CLASS = YES_ERROR;
				CLANG_WARN_UNREACHABLE_CODE = YES;
				CLANG_WARN__DUPLICATE_METHOD_MATCH = YES;
				CODE_SIGN_IDENTITY = "-";
				COPY_PHASE_STRIP = NO;
				DEBUG_INFORMATION_FORMAT = "dwarf-with-dsym";
				ENABLE_NS_ASSERTIONS = NO;
				ENABLE_STRICT_OBJC_MSGSEND = YES;
				GCC_C_LANGUAGE_STANDARD = gnu99;
				GCC_NO_COMMON_BLOCKS = YES;
				GCC_WARN_64_TO_32_BIT_CONVERSION = YES;
				GCC_WARN_ABOUT_RETURN_TYPE = YES_ERROR;
				GCC_WARN_UNDECLARED_SELECTOR = YES;
				GCC_WARN_UNINITIALIZED_AUTOS = YES_AGGRESSIVE;
				GCC_WARN_UNUSED_FUNCTION = YES;
				GCC_WARN_UNUSED_VARIABLE = YES;
				MACOSX_DEPLOYMENT_TARGET = 10.11;
				MTL_ENABLE_DEBUG_INFO = NO;
				SDKROOT = macosx;
			};
			name = Release;
		};
		E7FDE5B91C6DE0FD000DCEB0 /* Debug */ = {
			isa = XCBuildConfiguration;
			buildSettings = {
				ASSETCATALOG_COMPILER_APPICON_NAME = AppIcon;
				COMBINE_HIDPI_IMAGES = YES;
				INFOPLIST_FILE = "LaunchAgent-Daemon/Info.plist";
				LD_RUNPATH_SEARCH_PATHS = "$(inherited) @executable_path/../Frameworks";
				PRODUCT_BUNDLE_IDENTIFIER = "de.miralem-cebic.LaunchAgent-Daemon";
				PRODUCT_NAME = "$(TARGET_NAME)";
			};
			name = Debug;
		};
		E7FDE5BA1C6DE0FD000DCEB0 /* Release */ = {
			isa = XCBuildConfiguration;
			buildSettings = {
				ASSETCATALOG_COMPILER_APPICON_NAME = AppIcon;
				COMBINE_HIDPI_IMAGES = YES;
				INFOPLIST_FILE = "LaunchAgent-Daemon/Info.plist";
				LD_RUNPATH_SEARCH_PATHS = "$(inherited) @executable_path/../Frameworks";
				PRODUCT_BUNDLE_IDENTIFIER = "de.miralem-cebic.LaunchAgent-Daemon";
				PRODUCT_NAME = "$(TARGET_NAME)";
			};
			name = Release;
		};
		E7FDE5CE1C6DE119000DCEB0 /* Debug */ = {
			isa = XCBuildConfiguration;
			buildSettings = {
				ASSETCATALOG_COMPILER_APPICON_NAME = AppIcon;
				COMBINE_HIDPI_IMAGES = YES;
				INFOPLIST_FILE = "LaunchDaemon-Daemon/Info.plist";
				LD_RUNPATH_SEARCH_PATHS = "$(inherited) @executable_path/../Frameworks";
				PRODUCT_BUNDLE_IDENTIFIER = "de.miralem-cebic.LaunchDaemon-Daemon";
				PRODUCT_NAME = "$(TARGET_NAME)";
			};
			name = Debug;
		};
		E7FDE5CF1C6DE119000DCEB0 /* Release */ = {
			isa = XCBuildConfiguration;
			buildSettings = {
				ASSETCATALOG_COMPILER_APPICON_NAME = AppIcon;
				COMBINE_HIDPI_IMAGES = YES;
				INFOPLIST_FILE = "LaunchDaemon-Daemon/Info.plist";
				LD_RUNPATH_SEARCH_PATHS = "$(inherited) @executable_path/../Frameworks";
				PRODUCT_BUNDLE_IDENTIFIER = "de.miralem-cebic.LaunchDaemon-Daemon";
				PRODUCT_NAME = "$(TARGET_NAME)";
			};
			name = Release;
		};
		E7FDE5F41C6E1618000DCEB0 /* Debug */ = {
			isa = XCBuildConfiguration;
			buildSettings = {
				PRODUCT_NAME = "$(TARGET_NAME)";
			};
			name = Debug;
		};
		E7FDE5F51C6E1618000DCEB0 /* Release */ = {
			isa = XCBuildConfiguration;
			buildSettings = {
				PRODUCT_NAME = "$(TARGET_NAME)";
			};
			name = Release;
		};
/* End XCBuildConfiguration section */

/* Begin XCConfigurationList section */
		E7FDE58D1C6DE081000DCEB0 /* Build configuration list for PBXProject "DistributedNotifications" */ = {
			isa = XCConfigurationList;
			buildConfigurations = (
				E7FDE5A11C6DE081000DCEB0 /* Debug */,
				E7FDE5A21C6DE081000DCEB0 /* Release */,
			);
			defaultConfigurationIsVisible = 0;
			defaultConfigurationName = Release;
		};
		E7FDE5B81C6DE0FD000DCEB0 /* Build configuration list for PBXNativeTarget "LaunchAgent-Daemon" */ = {
			isa = XCConfigurationList;
			buildConfigurations = (
				E7FDE5B91C6DE0FD000DCEB0 /* Debug */,
				E7FDE5BA1C6DE0FD000DCEB0 /* Release */,
			);
			defaultConfigurationIsVisible = 0;
		};
		E7FDE5CD1C6DE119000DCEB0 /* Build configuration list for PBXNativeTarget "LaunchDaemon-Daemon" */ = {
			isa = XCConfigurationList;
			buildConfigurations = (
				E7FDE5CE1C6DE119000DCEB0 /* Debug */,
				E7FDE5CF1C6DE119000DCEB0 /* Release */,
			);
			defaultConfigurationIsVisible = 0;
		};
		E7FDE5F31C6E1618000DCEB0 /* Build configuration list for PBXAggregateTarget "Daemons-Aggregater" */ = {
			isa = XCConfigurationList;
			buildConfigurations = (
				E7FDE5F41C6E1618000DCEB0 /* Debug */,
				E7FDE5F51C6E1618000DCEB0 /* Release */,
			);
			defaultConfigurationIsVisible = 0;
		};
/* End XCConfigurationList section */
	};
	rootObject = E7FDE58A1C6DE081000DCEB0 /* Project object */;
}
